// !$*UTF8*$!
{
	archiveVersion = 1;
	classes = {
	};
	objectVersion = 55;
	objects = {

/* Begin PBXBuildFile section */
		F0138172287F154A001A0C2E /* Primitives+Extensions.swift in Sources */ = {isa = PBXBuildFile; fileRef = F0138171287F154A001A0C2E /* Primitives+Extensions.swift */; };
		F015E1F12885973400BC7AE4 /* LoginUseCase.swift in Sources */ = {isa = PBXBuildFile; fileRef = F015E1F02885973400BC7AE4 /* LoginUseCase.swift */; };
		F015E1F42885983600BC7AE4 /* LoginRepository.swift in Sources */ = {isa = PBXBuildFile; fileRef = F015E1F32885983600BC7AE4 /* LoginRepository.swift */; };
		F0242FB028815C6100927148 /* BindViewsProtocol.swift in Sources */ = {isa = PBXBuildFile; fileRef = F0242FAF28815C6100927148 /* BindViewsProtocol.swift */; };
		F0242FB228816A2500927148 /* LoginViewModel.swift in Sources */ = {isa = PBXBuildFile; fileRef = F0242FB128816A2500927148 /* LoginViewModel.swift */; };
		F04E13372885F063001F2ABB /* URLSession+Extension.swift in Sources */ = {isa = PBXBuildFile; fileRef = F04E13362885F063001F2ABB /* URLSession+Extension.swift */; };
		F04E133C288694A5001F2ABB /* LoginResponseNetworkModel.swift in Sources */ = {isa = PBXBuildFile; fileRef = F04E133B288694A5001F2ABB /* LoginResponseNetworkModel.swift */; };
		F04E133F28869615001F2ABB /* LoginBodyModel.swift in Sources */ = {isa = PBXBuildFile; fileRef = F04E133E28869615001F2ABB /* LoginBodyModel.swift */; };
		F0513299287DA252003E8D90 /* .swiftlint.yml in Resources */ = {isa = PBXBuildFile; fileRef = F0513298287DA252003E8D90 /* .swiftlint.yml */; };
		F05C8AA6288172FA00D8FC5A /* Gesture+Extensions.swift in Sources */ = {isa = PBXBuildFile; fileRef = F05C8AA5288172FA00D8FC5A /* Gesture+Extensions.swift */; };
		F05C8AA828817BBB00D8FC5A /* UITextView+Extensions.swift in Sources */ = {isa = PBXBuildFile; fileRef = F05C8AA728817BBB00D8FC5A /* UITextView+Extensions.swift */; };
		F069A7492886F80300F8DB81 /* LoginRequestBodyNetworkModel.swift in Sources */ = {isa = PBXBuildFile; fileRef = F069A7482886F80300F8DB81 /* LoginRequestBodyNetworkModel.swift */; };
		F0749187287DAB62005A7A55 /* SnapKit in Frameworks */ = {isa = PBXBuildFile; productRef = F0749186287DAB62005A7A55 /* SnapKit */; };
		F088E82C287DAE8A00E0375D /* ConstructViewsProtocol.swift in Sources */ = {isa = PBXBuildFile; fileRef = F088E82B287DAE8A00E0375D /* ConstructViewsProtocol.swift */; };
		F088E830287DB34700E0375D /* UIColor+Extensions.swift in Sources */ = {isa = PBXBuildFile; fileRef = F088E82F287DB34700E0375D /* UIColor+Extensions.swift */; };
		F088E834287DD0A500E0375D /* LocalizedStrings.swift in Sources */ = {isa = PBXBuildFile; fileRef = F088E833287DD0A500E0375D /* LocalizedStrings.swift */; };
		F088E836287EB2D700E0375D /* UIFont+Extensions.swift in Sources */ = {isa = PBXBuildFile; fileRef = F088E835287EB2D700E0375D /* UIFont+Extensions.swift */; };
		F088E83B287EB8A700E0375D /* SourceSansPro-Bold.ttf in Resources */ = {isa = PBXBuildFile; fileRef = F088E838287EB8A600E0375D /* SourceSansPro-Bold.ttf */; };
		F088E83C287EB8A700E0375D /* SourceSansPro-Regular.ttf in Resources */ = {isa = PBXBuildFile; fileRef = F088E839287EB8A700E0375D /* SourceSansPro-Regular.ttf */; };
		F088E83D287EB8A700E0375D /* SourceSansPro-SemiBold.ttf in Resources */ = {isa = PBXBuildFile; fileRef = F088E83A287EB8A700E0375D /* SourceSansPro-SemiBold.ttf */; };
		F088E83F287EBC4900E0375D /* BaseViewController.swift in Sources */ = {isa = PBXBuildFile; fileRef = F088E83E287EBC4900E0375D /* BaseViewController.swift */; };
		F088E841287EC1DD00E0375D /* RoundedTextInput.swift in Sources */ = {isa = PBXBuildFile; fileRef = F088E840287EC1DD00E0375D /* RoundedTextInput.swift */; };
		F088E846287EF72500E0375D /* UIImage+Extensions.swift in Sources */ = {isa = PBXBuildFile; fileRef = F088E845287EF72500E0375D /* UIImage+Extensions.swift */; };
		F088E849287EFCCA00E0375D /* DesignConstants.swift in Sources */ = {isa = PBXBuildFile; fileRef = F088E848287EFCCA00E0375D /* DesignConstants.swift */; };
		F09458172885BB140015F1C7 /* LoginNetworkClient.swift in Sources */ = {isa = PBXBuildFile; fileRef = F09458162885BB140015F1C7 /* LoginNetworkClient.swift */; };
		F094581A2885BC4E0015F1C7 /* BaseNetworkClient.swift in Sources */ = {isa = PBXBuildFile; fileRef = F09458192885BC4E0015F1C7 /* BaseNetworkClient.swift */; };
		F0A70877288041D20077A678 /* RoundedButton.swift in Sources */ = {isa = PBXBuildFile; fileRef = F0A70876288041D20077A678 /* RoundedButton.swift */; };
		F0D9202B28856A56004EC4F3 /* AppCoordinator.swift in Sources */ = {isa = PBXBuildFile; fileRef = F0D9202A28856A56004EC4F3 /* AppCoordinator.swift */; };
		F0D9202E28858054004EC4F3 /* Container.swift in Sources */ = {isa = PBXBuildFile; fileRef = F0D9202D28858054004EC4F3 /* Container.swift */; };
		F0E6A977287C74CA007BF1D4 /* AppDelegate.swift in Sources */ = {isa = PBXBuildFile; fileRef = F0E6A976287C74CA007BF1D4 /* AppDelegate.swift */; };
		F0E6A979287C74CA007BF1D4 /* SceneDelegate.swift in Sources */ = {isa = PBXBuildFile; fileRef = F0E6A978287C74CA007BF1D4 /* SceneDelegate.swift */; };
		F0E6A97B287C74CA007BF1D4 /* LoginViewController.swift in Sources */ = {isa = PBXBuildFile; fileRef = F0E6A97A287C74CA007BF1D4 /* LoginViewController.swift */; };
		F0E6A980287C74CB007BF1D4 /* Assets.xcassets in Resources */ = {isa = PBXBuildFile; fileRef = F0E6A97F287C74CB007BF1D4 /* Assets.xcassets */; };
		F0E6A983287C74CB007BF1D4 /* LaunchScreen.storyboard in Resources */ = {isa = PBXBuildFile; fileRef = F0E6A981287C74CB007BF1D4 /* LaunchScreen.storyboard */; };
		F0EA481F2886DCF30042BD52 /* URLProtocol+Interceptor.swift in Sources */ = {isa = PBXBuildFile; fileRef = F0EA481E2886DCF30042BD52 /* URLProtocol+Interceptor.swift */; };
		F0EA48212886E0B80042BD52 /* Api.swift in Sources */ = {isa = PBXBuildFile; fileRef = F0EA48202886E0B80042BD52 /* Api.swift */; };
/* End PBXBuildFile section */

/* Begin PBXFileReference section */
		F0138171287F154A001A0C2E /* Primitives+Extensions.swift */ = {isa = PBXFileReference; lastKnownFileType = sourcecode.swift; path = "Primitives+Extensions.swift"; sourceTree = "<group>"; };
		F015E1F02885973400BC7AE4 /* LoginUseCase.swift */ = {isa = PBXFileReference; lastKnownFileType = sourcecode.swift; path = LoginUseCase.swift; sourceTree = "<group>"; };
		F015E1F32885983600BC7AE4 /* LoginRepository.swift */ = {isa = PBXFileReference; lastKnownFileType = sourcecode.swift; path = LoginRepository.swift; sourceTree = "<group>"; };
		F0242FAF28815C6100927148 /* BindViewsProtocol.swift */ = {isa = PBXFileReference; lastKnownFileType = sourcecode.swift; path = BindViewsProtocol.swift; sourceTree = "<group>"; };
		F0242FB128816A2500927148 /* LoginViewModel.swift */ = {isa = PBXFileReference; lastKnownFileType = sourcecode.swift; path = LoginViewModel.swift; sourceTree = "<group>"; };
		F04E13362885F063001F2ABB /* URLSession+Extension.swift */ = {isa = PBXFileReference; lastKnownFileType = sourcecode.swift; path = "URLSession+Extension.swift"; sourceTree = "<group>"; };
		F04E133B288694A5001F2ABB /* LoginResponseNetworkModel.swift */ = {isa = PBXFileReference; lastKnownFileType = sourcecode.swift; path = LoginResponseNetworkModel.swift; sourceTree = "<group>"; };
		F04E133E28869615001F2ABB /* LoginBodyModel.swift */ = {isa = PBXFileReference; lastKnownFileType = sourcecode.swift; path = LoginBodyModel.swift; sourceTree = "<group>"; };
		F0513298287DA252003E8D90 /* .swiftlint.yml */ = {isa = PBXFileReference; lastKnownFileType = text.yaml; path = .swiftlint.yml; sourceTree = "<group>"; };
		F05C8AA5288172FA00D8FC5A /* Gesture+Extensions.swift */ = {isa = PBXFileReference; lastKnownFileType = sourcecode.swift; path = "Gesture+Extensions.swift"; sourceTree = "<group>"; };
		F05C8AA728817BBB00D8FC5A /* UITextView+Extensions.swift */ = {isa = PBXFileReference; lastKnownFileType = sourcecode.swift; path = "UITextView+Extensions.swift"; sourceTree = "<group>"; };
		F069A7482886F80300F8DB81 /* LoginRequestBodyNetworkModel.swift */ = {isa = PBXFileReference; lastKnownFileType = sourcecode.swift; path = LoginRequestBodyNetworkModel.swift; sourceTree = "<group>"; };
		F088E82B287DAE8A00E0375D /* ConstructViewsProtocol.swift */ = {isa = PBXFileReference; lastKnownFileType = sourcecode.swift; path = ConstructViewsProtocol.swift; sourceTree = "<group>"; };
		F088E82F287DB34700E0375D /* UIColor+Extensions.swift */ = {isa = PBXFileReference; lastKnownFileType = sourcecode.swift; path = "UIColor+Extensions.swift"; sourceTree = "<group>"; };
		F088E833287DD0A500E0375D /* LocalizedStrings.swift */ = {isa = PBXFileReference; lastKnownFileType = sourcecode.swift; path = LocalizedStrings.swift; sourceTree = "<group>"; };
		F088E835287EB2D700E0375D /* UIFont+Extensions.swift */ = {isa = PBXFileReference; lastKnownFileType = sourcecode.swift; path = "UIFont+Extensions.swift"; sourceTree = "<group>"; };
		F088E838287EB8A600E0375D /* SourceSansPro-Bold.ttf */ = {isa = PBXFileReference; lastKnownFileType = file; path = "SourceSansPro-Bold.ttf"; sourceTree = "<group>"; };
		F088E839287EB8A700E0375D /* SourceSansPro-Regular.ttf */ = {isa = PBXFileReference; lastKnownFileType = file; path = "SourceSansPro-Regular.ttf"; sourceTree = "<group>"; };
		F088E83A287EB8A700E0375D /* SourceSansPro-SemiBold.ttf */ = {isa = PBXFileReference; lastKnownFileType = file; path = "SourceSansPro-SemiBold.ttf"; sourceTree = "<group>"; };
		F088E83E287EBC4900E0375D /* BaseViewController.swift */ = {isa = PBXFileReference; lastKnownFileType = sourcecode.swift; path = BaseViewController.swift; sourceTree = "<group>"; };
		F088E840287EC1DD00E0375D /* RoundedTextInput.swift */ = {isa = PBXFileReference; lastKnownFileType = sourcecode.swift; path = RoundedTextInput.swift; sourceTree = "<group>"; };
		F088E845287EF72500E0375D /* UIImage+Extensions.swift */ = {isa = PBXFileReference; lastKnownFileType = sourcecode.swift; path = "UIImage+Extensions.swift"; sourceTree = "<group>"; };
		F088E848287EFCCA00E0375D /* DesignConstants.swift */ = {isa = PBXFileReference; lastKnownFileType = sourcecode.swift; path = DesignConstants.swift; sourceTree = "<group>"; };
		F09458162885BB140015F1C7 /* LoginNetworkClient.swift */ = {isa = PBXFileReference; lastKnownFileType = sourcecode.swift; path = LoginNetworkClient.swift; sourceTree = "<group>"; };
		F09458192885BC4E0015F1C7 /* BaseNetworkClient.swift */ = {isa = PBXFileReference; lastKnownFileType = sourcecode.swift; path = BaseNetworkClient.swift; sourceTree = "<group>"; };
		F0A70876288041D20077A678 /* RoundedButton.swift */ = {isa = PBXFileReference; lastKnownFileType = sourcecode.swift; path = RoundedButton.swift; sourceTree = "<group>"; };
		F0D9202A28856A56004EC4F3 /* AppCoordinator.swift */ = {isa = PBXFileReference; lastKnownFileType = sourcecode.swift; path = AppCoordinator.swift; sourceTree = "<group>"; };
		F0D9202D28858054004EC4F3 /* Container.swift */ = {isa = PBXFileReference; lastKnownFileType = sourcecode.swift; path = Container.swift; sourceTree = "<group>"; };
		F0E6A973287C74CA007BF1D4 /* QuizApp.app */ = {isa = PBXFileReference; explicitFileType = wrapper.application; includeInIndex = 0; path = QuizApp.app; sourceTree = BUILT_PRODUCTS_DIR; };
		F0E6A976287C74CA007BF1D4 /* AppDelegate.swift */ = {isa = PBXFileReference; lastKnownFileType = sourcecode.swift; path = AppDelegate.swift; sourceTree = "<group>"; };
		F0E6A978287C74CA007BF1D4 /* SceneDelegate.swift */ = {isa = PBXFileReference; lastKnownFileType = sourcecode.swift; path = SceneDelegate.swift; sourceTree = "<group>"; };
		F0E6A97A287C74CA007BF1D4 /* LoginViewController.swift */ = {isa = PBXFileReference; lastKnownFileType = sourcecode.swift; path = LoginViewController.swift; sourceTree = "<group>"; };
		F0E6A97F287C74CB007BF1D4 /* Assets.xcassets */ = {isa = PBXFileReference; lastKnownFileType = folder.assetcatalog; path = Assets.xcassets; sourceTree = "<group>"; };
		F0E6A982287C74CB007BF1D4 /* Base */ = {isa = PBXFileReference; lastKnownFileType = file.storyboard; name = Base; path = Base.lproj/LaunchScreen.storyboard; sourceTree = "<group>"; };
		F0E6A984287C74CB007BF1D4 /* Info.plist */ = {isa = PBXFileReference; lastKnownFileType = text.plist.xml; path = Info.plist; sourceTree = "<group>"; };
		F0EA481E2886DCF30042BD52 /* URLProtocol+Interceptor.swift */ = {isa = PBXFileReference; lastKnownFileType = sourcecode.swift; path = "URLProtocol+Interceptor.swift"; sourceTree = "<group>"; };
		F0EA48202886E0B80042BD52 /* Api.swift */ = {isa = PBXFileReference; lastKnownFileType = sourcecode.swift; path = Api.swift; sourceTree = "<group>"; };
/* End PBXFileReference section */

/* Begin PBXFrameworksBuildPhase section */
		F0E6A970287C74CA007BF1D4 /* Frameworks */ = {
			isa = PBXFrameworksBuildPhase;
			buildActionMask = 2147483647;
			files = (
				F0749187287DAB62005A7A55 /* SnapKit in Frameworks */,
			);
			runOnlyForDeploymentPostprocessing = 0;
		};
/* End PBXFrameworksBuildPhase section */

/* Begin PBXGroup section */
		F015E1EF2885972700BC7AE4 /* Login */ = {
			isa = PBXGroup;
			children = (
				F015E1F02885973400BC7AE4 /* LoginUseCase.swift */,
			);
			path = Login;
			sourceTree = "<group>";
		};
		F0242FAA28815B5B00927148 /* Presentation */ = {
			isa = PBXGroup;
			children = (
				F088E82A287DAE2000E0375D /* Common */,
				F0D9202A28856A56004EC4F3 /* AppCoordinator.swift */,
			);
			path = Presentation;
			sourceTree = "<group>";
		};
		F0242FAB28815B6600927148 /* Domain */ = {
			isa = PBXGroup;
			children = (
				F04E133D28869608001F2ABB /* Models */,
				F015E1EF2885972700BC7AE4 /* Login */,
			);
			path = Domain;
			sourceTree = "<group>";
		};
		F0242FAC28815B6F00927148 /* Data */ = {
			isa = PBXGroup;
			children = (
				F04E1343288697A1001F2ABB /* Networking */,
				F04E1338288693CE001F2ABB /* Models */,
				F09458182885BC440015F1C7 /* Common */,
				F09458152885BAFC0015F1C7 /* Login */,
			);
			path = Data;
			sourceTree = "<group>";
		};
		F0242FAD28815B7700927148 /* Supporting files */ = {
			isa = PBXGroup;
			children = (
				F0E6A97F287C74CB007BF1D4 /* Assets.xcassets */,
				F0E6A981287C74CB007BF1D4 /* LaunchScreen.storyboard */,
				F088E837287EB88C00E0375D /* Fonts */,
			);
			path = "Supporting files";
			sourceTree = "<group>";
		};
		F0242FAE28815BDA00927148 /* Interfaces */ = {
			isa = PBXGroup;
			children = (
				F088E83E287EBC4900E0375D /* BaseViewController.swift */,
				F088E82B287DAE8A00E0375D /* ConstructViewsProtocol.swift */,
				F0242FAF28815C6100927148 /* BindViewsProtocol.swift */,
			);
			path = Interfaces;
			sourceTree = "<group>";
		};
		F04E13352885F050001F2ABB /* Helpers */ = {
			isa = PBXGroup;
			children = (
				F04E13362885F063001F2ABB /* URLSession+Extension.swift */,
			);
			path = Helpers;
			sourceTree = "<group>";
		};
		F04E133D28869608001F2ABB /* Models */ = {
			isa = PBXGroup;
			children = (
				F04E133E28869615001F2ABB /* LoginBodyModel.swift */,
			);
			name = Models;
			path = ../Presentation/Models;
			sourceTree = "<group>";
		};
		F04E1343288697A1001F2ABB /* Networking */ = {
			isa = PBXGroup;
			children = (
				F09458192885BC4E0015F1C7 /* BaseNetworkClient.swift */,
				F0EA481E2886DCF30042BD52 /* URLProtocol+Interceptor.swift */,
				F0EA48202886E0B80042BD52 /* Api.swift */,
			);
			path = Networking;
			sourceTree = "<group>";
		};
		F069A7422886F26400F8DB81 /* Repository */ = {
			isa = PBXGroup;
			children = (
				F069A74A2887F27D00F8DB81 /* Models */,
			);
			path = Repository;
			sourceTree = "<group>";
		};
		F069A7472886F7F000F8DB81 /* Network */ = {
			isa = PBXGroup;
			children = (
				F04E133B288694A5001F2ABB /* LoginResponseNetworkModel.swift */,
				F069A7482886F80300F8DB81 /* LoginRequestBodyNetworkModel.swift */,
			);
			path = Network;
			sourceTree = "<group>";
		};
		F069A74A2887F27D00F8DB81 /* Models */ = {
			isa = PBXGroup;
			children = (
				F069A7432886F28700F8DB81 /* LoginRequestBodyRepoModel.swift */,
				F069A7452886F38600F8DB81 /* LoginResponseRepoModel.swift */,
			);
			path = Models;
			sourceTree = "<group>";
		};
		F0749188287DABDE005A7A55 /* Login */ = {
			isa = PBXGroup;
			children = (
				F0E6A97A287C74CA007BF1D4 /* LoginViewController.swift */,
				F0242FB128816A2500927148 /* LoginViewModel.swift */,
			);
			path = Login;
			sourceTree = "<group>";
		};
		F088E82A287DAE2000E0375D /* Common */ = {
			isa = PBXGroup;
			children = (
				F0749188287DABDE005A7A55 /* Login */,
				F0242FAE28815BDA00927148 /* Interfaces */,
				F0918417288038A800CB7550 /* UIComponents */,
				F088E82E287DB31B00E0375D /* Helpers */,
			);
			path = Common;
			sourceTree = "<group>";
		};
		F088E82D287DAF1400E0375D /* Application */ = {
			isa = PBXGroup;
			children = (
				F0E6A976287C74CA007BF1D4 /* AppDelegate.swift */,
				F0E6A978287C74CA007BF1D4 /* SceneDelegate.swift */,
				F0D9202D28858054004EC4F3 /* Container.swift */,
			);
			path = Application;
			sourceTree = "<group>";
		};
		F088E82E287DB31B00E0375D /* Helpers */ = {
			isa = PBXGroup;
			children = (
				F088E82F287DB34700E0375D /* UIColor+Extensions.swift */,
				F088E833287DD0A500E0375D /* LocalizedStrings.swift */,
				F088E835287EB2D700E0375D /* UIFont+Extensions.swift */,
				F088E845287EF72500E0375D /* UIImage+Extensions.swift */,
				F088E848287EFCCA00E0375D /* DesignConstants.swift */,
				F0138171287F154A001A0C2E /* Primitives+Extensions.swift */,
				F05C8AA5288172FA00D8FC5A /* Gesture+Extensions.swift */,
				F05C8AA728817BBB00D8FC5A /* UITextView+Extensions.swift */,
			);
			path = Helpers;
			sourceTree = "<group>";
		};
		F088E837287EB88C00E0375D /* Fonts */ = {
			isa = PBXGroup;
			children = (
				F088E838287EB8A600E0375D /* SourceSansPro-Bold.ttf */,
				F088E839287EB8A700E0375D /* SourceSansPro-Regular.ttf */,
				F088E83A287EB8A700E0375D /* SourceSansPro-SemiBold.ttf */,
			);
			path = Fonts;
			sourceTree = "<group>";
		};
		F0918417288038A800CB7550 /* UIComponents */ = {
			isa = PBXGroup;
			children = (
				F088E840287EC1DD00E0375D /* RoundedTextInput.swift */,
				F0A70876288041D20077A678 /* RoundedButton.swift */,
			);
			path = UIComponents;
			sourceTree = "<group>";
		};
		F09458152885BAFC0015F1C7 /* Login */ = {
			isa = PBXGroup;
			children = (
				F015E1F32885983600BC7AE4 /* LoginRepository.swift */,
				F09458162885BB140015F1C7 /* LoginNetworkClient.swift */,
			);
			path = Login;
			sourceTree = "<group>";
		};
		F09458182885BC440015F1C7 /* Common */ = {
			isa = PBXGroup;
			children = (
				F04E13352885F050001F2ABB /* Helpers */,
			);
			path = Common;
			sourceTree = "<group>";
		};
		F0E6A96A287C74CA007BF1D4 = {
			isa = PBXGroup;
			children = (
				F0E6A975287C74CA007BF1D4 /* QuizApp */,
				F0E6A974287C74CA007BF1D4 /* Products */,
			);
			sourceTree = "<group>";
		};
		F0E6A974287C74CA007BF1D4 /* Products */ = {
			isa = PBXGroup;
			children = (
				F0E6A973287C74CA007BF1D4 /* QuizApp.app */,
			);
			name = Products;
			sourceTree = "<group>";
		};
		F0E6A975287C74CA007BF1D4 /* QuizApp */ = {
			isa = PBXGroup;
			children = (
				F088E82D287DAF1400E0375D /* Application */,
				F0242FAC28815B6F00927148 /* Data */,
				F0242FAB28815B6600927148 /* Domain */,
				F0242FAA28815B5B00927148 /* Presentation */,
				F0242FAD28815B7700927148 /* Supporting files */,
				F0513298287DA252003E8D90 /* .swiftlint.yml */,
				F0E6A984287C74CB007BF1D4 /* Info.plist */,
			);
			path = QuizApp;
			sourceTree = "<group>";
		};
/* End PBXGroup section */

/* Begin PBXNativeTarget section */
		F0E6A972287C74CA007BF1D4 /* QuizApp */ = {
			isa = PBXNativeTarget;
			buildConfigurationList = F0E6A987287C74CB007BF1D4 /* Build configuration list for PBXNativeTarget "QuizApp" */;
			buildPhases = (
				F0E6A96F287C74CA007BF1D4 /* Sources */,
				F0E6A970287C74CA007BF1D4 /* Frameworks */,
				F0E6A971287C74CA007BF1D4 /* Resources */,
				F051329A287DA286003E8D90 /* ShellScript */,
			);
			buildRules = (
			);
			dependencies = (
			);
			name = QuizApp;
			packageProductDependencies = (
				F0749186287DAB62005A7A55 /* SnapKit */,
			);
			productName = QuizApp;
			productReference = F0E6A973287C74CA007BF1D4 /* QuizApp.app */;
			productType = "com.apple.product-type.application";
		};
/* End PBXNativeTarget section */

/* Begin PBXProject section */
		F0E6A96B287C74CA007BF1D4 /* Project object */ = {
			isa = PBXProject;
			attributes = {
				BuildIndependentTargetsInParallel = 1;
				LastSwiftUpdateCheck = 1340;
				LastUpgradeCheck = 1340;
				TargetAttributes = {
					F0E6A972287C74CA007BF1D4 = {
						CreatedOnToolsVersion = 13.4.1;
					};
				};
			};
			buildConfigurationList = F0E6A96E287C74CA007BF1D4 /* Build configuration list for PBXProject "QuizApp" */;
			compatibilityVersion = "Xcode 13.0";
			developmentRegion = en;
			hasScannedForEncodings = 0;
			knownRegions = (
				en,
				Base,
			);
			mainGroup = F0E6A96A287C74CA007BF1D4;
			packageReferences = (
				F0749185287DAB62005A7A55 /* XCRemoteSwiftPackageReference "SnapKit" */,
			);
			productRefGroup = F0E6A974287C74CA007BF1D4 /* Products */;
			projectDirPath = "";
			projectRoot = "";
			targets = (
				F0E6A972287C74CA007BF1D4 /* QuizApp */,
			);
		};
/* End PBXProject section */

/* Begin PBXResourcesBuildPhase section */
		F0E6A971287C74CA007BF1D4 /* Resources */ = {
			isa = PBXResourcesBuildPhase;
			buildActionMask = 2147483647;
			files = (
				F088E83C287EB8A700E0375D /* SourceSansPro-Regular.ttf in Resources */,
				F0513299287DA252003E8D90 /* .swiftlint.yml in Resources */,
				F0E6A983287C74CB007BF1D4 /* LaunchScreen.storyboard in Resources */,
				F088E83D287EB8A700E0375D /* SourceSansPro-SemiBold.ttf in Resources */,
				F0E6A980287C74CB007BF1D4 /* Assets.xcassets in Resources */,
				F088E83B287EB8A700E0375D /* SourceSansPro-Bold.ttf in Resources */,
			);
			runOnlyForDeploymentPostprocessing = 0;
		};
/* End PBXResourcesBuildPhase section */

/* Begin PBXShellScriptBuildPhase section */
		F051329A287DA286003E8D90 /* ShellScript */ = {
			isa = PBXShellScriptBuildPhase;
			alwaysOutOfDate = 1;
			buildActionMask = 2147483647;
			files = (
			);
			inputFileListPaths = (
			);
			inputPaths = (
			);
			outputFileListPaths = (
			);
			outputPaths = (
			);
			runOnlyForDeploymentPostprocessing = 0;
			shellPath = /bin/sh;
			shellScript = "export PATH=\"$PATH:/opt/homebrew/bin\"\nif which swiftlint > /dev/null; then\n  swiftlint\nelse\n  echo \"warning: SwiftLint not installed, download from https://github.com/realm/SwiftLint\"\nfi\n";
		};
/* End PBXShellScriptBuildPhase section */

/* Begin PBXSourcesBuildPhase section */
		F0E6A96F287C74CA007BF1D4 /* Sources */ = {
			isa = PBXSourcesBuildPhase;
			buildActionMask = 2147483647;
			files = (
				F088E82C287DAE8A00E0375D /* ConstructViewsProtocol.swift in Sources */,
				F088E830287DB34700E0375D /* UIColor+Extensions.swift in Sources */,
				F0138172287F154A001A0C2E /* Primitives+Extensions.swift in Sources */,
				F088E836287EB2D700E0375D /* UIFont+Extensions.swift in Sources */,
				F0D9202E28858054004EC4F3 /* Container.swift in Sources */,
				F04E133F28869615001F2ABB /* LoginBodyModel.swift in Sources */,
				F09458172885BB140015F1C7 /* LoginNetworkClient.swift in Sources */,
				F0E6A97B287C74CA007BF1D4 /* LoginViewController.swift in Sources */,
				F088E846287EF72500E0375D /* UIImage+Extensions.swift in Sources */,
				F0D9202B28856A56004EC4F3 /* AppCoordinator.swift in Sources */,
				F088E834287DD0A500E0375D /* LocalizedStrings.swift in Sources */,
				F088E83F287EBC4900E0375D /* BaseViewController.swift in Sources */,
				F04E133C288694A5001F2ABB /* LoginResponseNetworkModel.swift in Sources */,
				F05C8AA828817BBB00D8FC5A /* UITextView+Extensions.swift in Sources */,
				F0242FB228816A2500927148 /* LoginViewModel.swift in Sources */,
				F088E849287EFCCA00E0375D /* DesignConstants.swift in Sources */,
				F094581A2885BC4E0015F1C7 /* BaseNetworkClient.swift in Sources */,
				F0242FB028815C6100927148 /* BindViewsProtocol.swift in Sources */,
				F0E6A977287C74CA007BF1D4 /* AppDelegate.swift in Sources */,
				F088E841287EC1DD00E0375D /* RoundedTextInput.swift in Sources */,
				F05C8AA6288172FA00D8FC5A /* Gesture+Extensions.swift in Sources */,
				F015E1F42885983600BC7AE4 /* LoginRepository.swift in Sources */,
				F04E13372885F063001F2ABB /* URLSession+Extension.swift in Sources */,
				F04E133A288693DF001F2ABB /* LoginNetworkModel.swift in Sources */,
				F0E6A979287C74CA007BF1D4 /* SceneDelegate.swift in Sources */,
				F0A70877288041D20077A678 /* RoundedButton.swift in Sources */,
				F015E1F12885973400BC7AE4 /* LoginUseCase.swift in Sources */,
			);
			runOnlyForDeploymentPostprocessing = 0;
		};
/* End PBXSourcesBuildPhase section */

/* Begin PBXVariantGroup section */
		F0E6A981287C74CB007BF1D4 /* LaunchScreen.storyboard */ = {
			isa = PBXVariantGroup;
			children = (
				F0E6A982287C74CB007BF1D4 /* Base */,
			);
			name = LaunchScreen.storyboard;
			sourceTree = "<group>";
		};
/* End PBXVariantGroup section */

/* Begin XCBuildConfiguration section */
		F0E6A985287C74CB007BF1D4 /* Debug */ = {
			isa = XCBuildConfiguration;
			buildSettings = {
				ALWAYS_SEARCH_USER_PATHS = NO;
				CLANG_ANALYZER_NONNULL = YES;
				CLANG_ANALYZER_NUMBER_OBJECT_CONVERSION = YES_AGGRESSIVE;
				CLANG_CXX_LANGUAGE_STANDARD = "gnu++17";
				CLANG_ENABLE_MODULES = YES;
				CLANG_ENABLE_OBJC_ARC = YES;
				CLANG_ENABLE_OBJC_WEAK = YES;
				CLANG_WARN_BLOCK_CAPTURE_AUTORELEASING = YES;
				CLANG_WARN_BOOL_CONVERSION = YES;
				CLANG_WARN_COMMA = YES;
				CLANG_WARN_CONSTANT_CONVERSION = YES;
				CLANG_WARN_DEPRECATED_OBJC_IMPLEMENTATIONS = YES;
				CLANG_WARN_DIRECT_OBJC_ISA_USAGE = YES_ERROR;
				CLANG_WARN_DOCUMENTATION_COMMENTS = YES;
				CLANG_WARN_EMPTY_BODY = YES;
				CLANG_WARN_ENUM_CONVERSION = YES;
				CLANG_WARN_INFINITE_RECURSION = YES;
				CLANG_WARN_INT_CONVERSION = YES;
				CLANG_WARN_NON_LITERAL_NULL_CONVERSION = YES;
				CLANG_WARN_OBJC_IMPLICIT_RETAIN_SELF = YES;
				CLANG_WARN_OBJC_LITERAL_CONVERSION = YES;
				CLANG_WARN_OBJC_ROOT_CLASS = YES_ERROR;
				CLANG_WARN_QUOTED_INCLUDE_IN_FRAMEWORK_HEADER = YES;
				CLANG_WARN_RANGE_LOOP_ANALYSIS = YES;
				CLANG_WARN_STRICT_PROTOTYPES = YES;
				CLANG_WARN_SUSPICIOUS_MOVE = YES;
				CLANG_WARN_UNGUARDED_AVAILABILITY = YES_AGGRESSIVE;
				CLANG_WARN_UNREACHABLE_CODE = YES;
				CLANG_WARN__DUPLICATE_METHOD_MATCH = YES;
				COPY_PHASE_STRIP = NO;
				DEBUG_INFORMATION_FORMAT = dwarf;
				ENABLE_STRICT_OBJC_MSGSEND = YES;
				ENABLE_TESTABILITY = YES;
				GCC_C_LANGUAGE_STANDARD = gnu11;
				GCC_DYNAMIC_NO_PIC = NO;
				GCC_NO_COMMON_BLOCKS = YES;
				GCC_OPTIMIZATION_LEVEL = 0;
				GCC_PREPROCESSOR_DEFINITIONS = (
					"DEBUG=1",
					"$(inherited)",
				);
				GCC_WARN_64_TO_32_BIT_CONVERSION = YES;
				GCC_WARN_ABOUT_RETURN_TYPE = YES_ERROR;
				GCC_WARN_UNDECLARED_SELECTOR = YES;
				GCC_WARN_UNINITIALIZED_AUTOS = YES_AGGRESSIVE;
				GCC_WARN_UNUSED_FUNCTION = YES;
				GCC_WARN_UNUSED_VARIABLE = YES;
				IPHONEOS_DEPLOYMENT_TARGET = 13.0;
				MTL_ENABLE_DEBUG_INFO = INCLUDE_SOURCE;
				MTL_FAST_MATH = YES;
				ONLY_ACTIVE_ARCH = YES;
				SDKROOT = iphoneos;
				SWIFT_ACTIVE_COMPILATION_CONDITIONS = DEBUG;
				SWIFT_OPTIMIZATION_LEVEL = "-Onone";
			};
			name = Debug;
		};
		F0E6A986287C74CB007BF1D4 /* Release */ = {
			isa = XCBuildConfiguration;
			buildSettings = {
				ALWAYS_SEARCH_USER_PATHS = NO;
				CLANG_ANALYZER_NONNULL = YES;
				CLANG_ANALYZER_NUMBER_OBJECT_CONVERSION = YES_AGGRESSIVE;
				CLANG_CXX_LANGUAGE_STANDARD = "gnu++17";
				CLANG_ENABLE_MODULES = YES;
				CLANG_ENABLE_OBJC_ARC = YES;
				CLANG_ENABLE_OBJC_WEAK = YES;
				CLANG_WARN_BLOCK_CAPTURE_AUTORELEASING = YES;
				CLANG_WARN_BOOL_CONVERSION = YES;
				CLANG_WARN_COMMA = YES;
				CLANG_WARN_CONSTANT_CONVERSION = YES;
				CLANG_WARN_DEPRECATED_OBJC_IMPLEMENTATIONS = YES;
				CLANG_WARN_DIRECT_OBJC_ISA_USAGE = YES_ERROR;
				CLANG_WARN_DOCUMENTATION_COMMENTS = YES;
				CLANG_WARN_EMPTY_BODY = YES;
				CLANG_WARN_ENUM_CONVERSION = YES;
				CLANG_WARN_INFINITE_RECURSION = YES;
				CLANG_WARN_INT_CONVERSION = YES;
				CLANG_WARN_NON_LITERAL_NULL_CONVERSION = YES;
				CLANG_WARN_OBJC_IMPLICIT_RETAIN_SELF = YES;
				CLANG_WARN_OBJC_LITERAL_CONVERSION = YES;
				CLANG_WARN_OBJC_ROOT_CLASS = YES_ERROR;
				CLANG_WARN_QUOTED_INCLUDE_IN_FRAMEWORK_HEADER = YES;
				CLANG_WARN_RANGE_LOOP_ANALYSIS = YES;
				CLANG_WARN_STRICT_PROTOTYPES = YES;
				CLANG_WARN_SUSPICIOUS_MOVE = YES;
				CLANG_WARN_UNGUARDED_AVAILABILITY = YES_AGGRESSIVE;
				CLANG_WARN_UNREACHABLE_CODE = YES;
				CLANG_WARN__DUPLICATE_METHOD_MATCH = YES;
				COPY_PHASE_STRIP = NO;
				DEBUG_INFORMATION_FORMAT = "dwarf-with-dsym";
				ENABLE_NS_ASSERTIONS = NO;
				ENABLE_STRICT_OBJC_MSGSEND = YES;
				GCC_C_LANGUAGE_STANDARD = gnu11;
				GCC_NO_COMMON_BLOCKS = YES;
				GCC_WARN_64_TO_32_BIT_CONVERSION = YES;
				GCC_WARN_ABOUT_RETURN_TYPE = YES_ERROR;
				GCC_WARN_UNDECLARED_SELECTOR = YES;
				GCC_WARN_UNINITIALIZED_AUTOS = YES_AGGRESSIVE;
				GCC_WARN_UNUSED_FUNCTION = YES;
				GCC_WARN_UNUSED_VARIABLE = YES;
				IPHONEOS_DEPLOYMENT_TARGET = 13.0;
				MTL_ENABLE_DEBUG_INFO = NO;
				MTL_FAST_MATH = YES;
				SDKROOT = iphoneos;
				SWIFT_COMPILATION_MODE = wholemodule;
				SWIFT_OPTIMIZATION_LEVEL = "-O";
				VALIDATE_PRODUCT = YES;
			};
			name = Release;
		};
		F0E6A988287C74CB007BF1D4 /* Debug */ = {
			isa = XCBuildConfiguration;
			buildSettings = {
				ASSETCATALOG_COMPILER_APPICON_NAME = AppIcon;
				ASSETCATALOG_COMPILER_GLOBAL_ACCENT_COLOR_NAME = AccentColor;
				CODE_SIGN_STYLE = Automatic;
				CURRENT_PROJECT_VERSION = 1;
				GENERATE_INFOPLIST_FILE = YES;
				INFOPLIST_FILE = QuizApp/Info.plist;
				INFOPLIST_KEY_UIApplicationSupportsIndirectInputEvents = YES;
				INFOPLIST_KEY_UILaunchStoryboardName = LaunchScreen;
				INFOPLIST_KEY_UISupportedInterfaceOrientations_iPad = "UIInterfaceOrientationPortrait UIInterfaceOrientationPortraitUpsideDown UIInterfaceOrientationLandscapeLeft UIInterfaceOrientationLandscapeRight";
				INFOPLIST_KEY_UISupportedInterfaceOrientations_iPhone = "UIInterfaceOrientationPortrait UIInterfaceOrientationLandscapeLeft UIInterfaceOrientationLandscapeRight";
				IPHONEOS_DEPLOYMENT_TARGET = 13.0;
				LD_RUNPATH_SEARCH_PATHS = (
					"$(inherited)",
					"@executable_path/Frameworks",
				);
				MARKETING_VERSION = 1.0;
				PRODUCT_BUNDLE_IDENTIFIER = agency.five.tino.QuizApp;
				PRODUCT_NAME = "$(TARGET_NAME)";
				SWIFT_EMIT_LOC_STRINGS = YES;
				SWIFT_VERSION = 5.0;
				TARGETED_DEVICE_FAMILY = "1,2";
			};
			name = Debug;
		};
		F0E6A989287C74CB007BF1D4 /* Release */ = {
			isa = XCBuildConfiguration;
			buildSettings = {
				ASSETCATALOG_COMPILER_APPICON_NAME = AppIcon;
				ASSETCATALOG_COMPILER_GLOBAL_ACCENT_COLOR_NAME = AccentColor;
				CODE_SIGN_STYLE = Automatic;
				CURRENT_PROJECT_VERSION = 1;
				GENERATE_INFOPLIST_FILE = YES;
				INFOPLIST_FILE = QuizApp/Info.plist;
				INFOPLIST_KEY_UIApplicationSupportsIndirectInputEvents = YES;
				INFOPLIST_KEY_UILaunchStoryboardName = LaunchScreen;
				INFOPLIST_KEY_UISupportedInterfaceOrientations_iPad = "UIInterfaceOrientationPortrait UIInterfaceOrientationPortraitUpsideDown UIInterfaceOrientationLandscapeLeft UIInterfaceOrientationLandscapeRight";
				INFOPLIST_KEY_UISupportedInterfaceOrientations_iPhone = "UIInterfaceOrientationPortrait UIInterfaceOrientationLandscapeLeft UIInterfaceOrientationLandscapeRight";
				IPHONEOS_DEPLOYMENT_TARGET = 13.0;
				LD_RUNPATH_SEARCH_PATHS = (
					"$(inherited)",
					"@executable_path/Frameworks",
				);
				MARKETING_VERSION = 1.0;
				PRODUCT_BUNDLE_IDENTIFIER = agency.five.tino.QuizApp;
				PRODUCT_NAME = "$(TARGET_NAME)";
				SWIFT_EMIT_LOC_STRINGS = YES;
				SWIFT_VERSION = 5.0;
				TARGETED_DEVICE_FAMILY = "1,2";
			};
			name = Release;
		};
/* End XCBuildConfiguration section */

/* Begin XCConfigurationList section */
		F0E6A96E287C74CA007BF1D4 /* Build configuration list for PBXProject "QuizApp" */ = {
			isa = XCConfigurationList;
			buildConfigurations = (
				F0E6A985287C74CB007BF1D4 /* Debug */,
				F0E6A986287C74CB007BF1D4 /* Release */,
			);
			defaultConfigurationIsVisible = 0;
			defaultConfigurationName = Release;
		};
		F0E6A987287C74CB007BF1D4 /* Build configuration list for PBXNativeTarget "QuizApp" */ = {
			isa = XCConfigurationList;
			buildConfigurations = (
				F0E6A988287C74CB007BF1D4 /* Debug */,
				F0E6A989287C74CB007BF1D4 /* Release */,
			);
			defaultConfigurationIsVisible = 0;
			defaultConfigurationName = Release;
		};
/* End XCConfigurationList section */

/* Begin XCRemoteSwiftPackageReference section */
		F0749185287DAB62005A7A55 /* XCRemoteSwiftPackageReference "SnapKit" */ = {
			isa = XCRemoteSwiftPackageReference;
			repositoryURL = "https://github.com/SnapKit/SnapKit";
			requirement = {
				kind = upToNextMajorVersion;
				minimumVersion = 5.0.0;
			};
		};
/* End XCRemoteSwiftPackageReference section */

/* Begin XCSwiftPackageProductDependency section */
		F0749186287DAB62005A7A55 /* SnapKit */ = {
			isa = XCSwiftPackageProductDependency;
			package = F0749185287DAB62005A7A55 /* XCRemoteSwiftPackageReference "SnapKit" */;
			productName = SnapKit;
		};
/* End XCSwiftPackageProductDependency section */
	};
	rootObject = F0E6A96B287C74CA007BF1D4 /* Project object */;
}
